
Microsoft Visual Studio Solution File, Format Version 11.00
# Visual Studio 2010
Project("{FAE04EC0-301F-11D3-BF4B-00C04F79EFBC}") = "Testing", "Testing\Testing.csproj", "{EE764CA0-6998-44B9-B22A-AA7898593B80}"
EndProject
Project("{FAE04EC0-301F-11D3-BF4B-00C04F79EFBC}") = "Utility", "Utility\Utility.csproj", "{B91382CA-B2A8-4C29-88D6-413B6490220C}"
EndProject
Project("{FAE04EC0-301F-11D3-BF4B-00C04F79EFBC}") = "TestProgram", "TestProgram\TestProgram.csproj", "{4B855502-16DD-4A9F-ABC2-5C848900E609}"
EndProject
Global
	GlobalSection(SolutionConfigurationPlatforms) = preSolution
		Debug|Any CPU = Debug|Any CPU
		Debug|Mixed Platforms = Debug|Mixed Platforms
		Debug|x86 = Debug|x86
		Release|Any CPU = Release|Any CPU
		Release|Mixed Platforms = Release|Mixed Platforms
		Release|x86 = Release|x86
	EndGlobalSection
	GlobalSection(ProjectConfigurationPlatforms) = postSolution
		{4B855502-16DD-4A9F-ABC2-5C848900E609}.Debug|Any CPU.ActiveCfg = Debug|x86
		{4B855502-16DD-4A9F-ABC2-5C848900E609}.Debug|Mixed Platforms.ActiveCfg = Debug|x86
		{4B855502-16DD-4A9F-ABC2-5C848900E609}.Debug|Mixed Platforms.Build.0 = Debug|x86
		{4B855502-16DD-4A9F-ABC2-5C848900E609}.Debug|x86.ActiveCfg = Debug|x86
		{4B855502-16DD-4A9F-ABC2-5C848900E609}.Debug|x86.Build.0 = Debug|x86
		{4B855502-16DD-4A9F-ABC2-5C848900E609}.Release|Any CPU.ActiveCfg = Release|x86
		{4B855502-16DD-4A9F-ABC2-5C848900E609}.Release|Mixed Platforms.ActiveCfg = Release|x86
		{4B855502-16DD-4A9F-ABC2-5C848900E609}.Release|Mixed Platforms.Build.0 = Release|x86
		{4B855502-16DD-4A9F-ABC2-5C848900E609}.Release|x86.ActiveCfg = Release|x86
		{4B855502-16DD-4A9F-ABC2-5C848900E609}.Release|x86.Build.0 = Release|x86
		{B91382CA-B2A8-4C29-88D6-413B6490220C}.Debug|Any CPU.ActiveCfg = Debug|Any CPU
		{B91382CA-B2A8-4C29-88D6-413B6490220C}.Debug|Any CPU.Build.0 = Debug|Any CPU
		{B91382CA-B2A8-4C29-88D6-413B6490220C}.Debug|Mixed Platforms.ActiveCfg = Debug|Any CPU
		{B91382CA-B2A8-4C29-88D6-413B6490220C}.Debug|Mixed Platforms.Build.0 = Debug|Any CPU
		{B91382CA-B2A8-4C29-88D6-413B6490220C}.Debug|x86.ActiveCfg = Debug|Any CPU
		{B91382CA-B2A8-4C29-88D6-413B6490220C}.Release|Any CPU.ActiveCfg = Release|Any CPU
		{B91382CA-B2A8-4C29-88D6-413B6490220C}.Release|Any CPU.Build.0 = Release|Any CPU
		{B91382CA-B2A8-4C29-88D6-413B6490220C}.Release|Mixed Platforms.ActiveCfg = Release|Any CPU
		{B91382CA-B2A8-4C29-88D6-413B6490220C}.Release|Mixed Platforms.Build.0 = Release|Any CPU
		{B91382CA-B2A8-4C29-88D6-413B6490220C}.Release|x86.ActiveCfg = Release|Any CPU
		{EE764CA0-6998-44B9-B22A-AA7898593B80}.Debug|Any CPU.ActiveCfg = Debug|Any CPU
		{EE764CA0-6998-44B9-B22A-AA7898593B80}.Debug|Any CPU.Build.0 = Debug|Any CPU
		{EE764CA0-6998-44B9-B22A-AA7898593B80}.Debug|Mixed Platforms.ActiveCfg = Debug|Any CPU
		{EE764CA0-6998-44B9-B22A-AA7898593B80}.Debug|Mixed Platforms.Build.0 = Debug|Any CPU
		{EE764CA0-6998-44B9-B22A-AA7898593B80}.Debug|x86.ActiveCfg = Debug|Any CPU
		{EE764CA0-6998-44B9-B22A-AA7898593B80}.Release|Any CPU.ActiveCfg = Release|Any CPU
		{EE764CA0-6998-44B9-B22A-AA7898593B80}.Release|Any CPU.Build.0 = Release|Any CPU
		{EE764CA0-6998-44B9-B22A-AA7898593B80}.Release|Mixed Platforms.ActiveCfg = Release|Any CPU
		{EE764CA0-6998-44B9-B22A-AA7898593B80}.Release|Mixed Platforms.Build.0 = Release|Any CPU
		{EE764CA0-6998-44B9-B22A-AA7898593B80}.Release|x86.ActiveCfg = Release|Any CPU
	EndGlobalSection
	GlobalSection(MonoDevelopProperties) = preSolution
		StartupItem = TestProgram\TestProgram.csproj
	EndGlobalSection
	GlobalSection(SolutionProperties) = preSolution
		HideSolutionNode = FALSE
	EndGlobalSection
EndGlobal
